
Microsoft Visual Studio Solution File, Format Version 12.00
# Visual Studio Version 17
VisualStudioVersion = 17.0.31903.59
MinimumVisualStudioVersion = 10.0.40219.1
Project("{2150E333-8FDC-42A3-9474-1A3956D46DE8}") = "src", "src", "{827E0CD3-B72D-47B6-A68D-7590B98EB39B}"
EndProject
Project("{FAE04EC0-301F-11D3-BF4B-00C04F79EFBC}") = "Imrdy.Core", "src\Imrdy.Core\Imrdy.Core.csproj", "{28082D28-2180-4134-A62D-F19AADE49030}"
EndProject
Project("{FAE04EC0-301F-11D3-BF4B-00C04F79EFBC}") = "Imrdy.Windows", "src\Imrdy.Windows\Imrdy.Windows.csproj", "{F6D9013B-9A0A-4FDB-ABE3-3A4B5406687F}"
EndProject
Project("{2150E333-8FDC-42A3-9474-1A3956D46DE8}") = "tests", "tests", "{0AB3BF05-4346-4AA6-1389-037BE0695223}"
EndProject
Project("{FAE04EC0-301F-11D3-BF4B-00C04F79EFBC}") = "Imrdy.Core.Tests", "tests\Imrdy.Core.Tests\Imrdy.Core.Tests.csproj", "{E6C2372E-7D49-4A5F-9774-2ACCA47E78F7}"
EndProject
Project("{FAE04EC0-301F-11D3-BF4B-00C04F79EFBC}") = "Imrdy.Integration.Tests", "tests\Imrdy.Integration.Tests\Imrdy.Integration.Tests.csproj", "{3AD4B430-06DF-4288-82A4-3E6BBAF31B80}"
EndProject
Global
	GlobalSection(SolutionConfigurationPlatforms) = preSolution
		Debug|Any CPU = Debug|Any CPU
		Debug|x64 = Debug|x64
		Debug|x86 = Debug|x86
		Release|Any CPU = Release|Any CPU
		Release|x64 = Release|x64
		Release|x86 = Release|x86
	EndGlobalSection
	GlobalSection(ProjectConfigurationPlatforms) = postSolution
		{28082D28-2180-4134-A62D-F19AADE49030}.Debug|Any CPU.ActiveCfg = Debug|Any CPU
		{28082D28-2180-4134-A62D-F19AADE49030}.Debug|Any CPU.Build.0 = Debug|Any CPU
		{28082D28-2180-4134-A62D-F19AADE49030}.Debug|x64.ActiveCfg = Debug|Any CPU
		{28082D28-2180-4134-A62D-F19AADE49030}.Debug|x64.Build.0 = Debug|Any CPU
		{28082D28-2180-4134-A62D-F19AADE49030}.Debug|x86.ActiveCfg = Debug|Any CPU
		{28082D28-2180-4134-A62D-F19AADE49030}.Debug|x86.Build.0 = Debug|Any CPU
		{28082D28-2180-4134-A62D-F19AADE49030}.Release|Any CPU.ActiveCfg = Release|Any CPU
		{28082D28-2180-4134-A62D-F19AADE49030}.Release|Any CPU.Build.0 = Release|Any CPU
		{28082D28-2180-4134-A62D-F19AADE49030}.Release|x64.ActiveCfg = Release|Any CPU
		{28082D28-2180-4134-A62D-F19AADE49030}.Release|x64.Build.0 = Release|Any CPU
		{28082D28-2180-4134-A62D-F19AADE49030}.Release|x86.ActiveCfg = Release|Any CPU
		{28082D28-2180-4134-A62D-F19AADE49030}.Release|x86.Build.0 = Release|Any CPU
		{F6D9013B-9A0A-4FDB-ABE3-3A4B5406687F}.Debug|Any CPU.ActiveCfg = Debug|Any CPU
		{F6D9013B-9A0A-4FDB-ABE3-3A4B5406687F}.Debug|Any CPU.Build.0 = Debug|Any CPU
		{F6D9013B-9A0A-4FDB-ABE3-3A4B5406687F}.Debug|x64.ActiveCfg = Debug|Any CPU
		{F6D9013B-9A0A-4FDB-ABE3-3A4B5406687F}.Debug|x64.Build.0 = Debug|Any CPU
		{F6D9013B-9A0A-4FDB-ABE3-3A4B5406687F}.Debug|x86.ActiveCfg = Debug|Any CPU
		{F6D9013B-9A0A-4FDB-ABE3-3A4B5406687F}.Debug|x86.Build.0 = Debug|Any CPU
		{F6D9013B-9A0A-4FDB-ABE3-3A4B5406687F}.Release|Any CPU.ActiveCfg = Release|Any CPU
		{F6D9013B-9A0A-4FDB-ABE3-3A4B5406687F}.Release|Any CPU.Build.0 = Release|Any CPU
		{F6D9013B-9A0A-4FDB-ABE3-3A4B5406687F}.Release|x64.ActiveCfg = Release|Any CPU
		{F6D9013B-9A0A-4FDB-ABE3-3A4B5406687F}.Release|x64.Build.0 = Release|Any CPU
		{F6D9013B-9A0A-4FDB-ABE3-3A4B5406687F}.Release|x86.ActiveCfg = Release|Any CPU
		{F6D9013B-9A0A-4FDB-ABE3-3A4B5406687F}.Release|x86.Build.0 = Release|Any CPU
		{E6C2372E-7D49-4A5F-9774-2ACCA47E78F7}.Debug|Any CPU.ActiveCfg = Debug|Any CPU
		{E6C2372E-7D49-4A5F-9774-2ACCA47E78F7}.Debug|Any CPU.Build.0 = Debug|Any CPU
		{E6C2372E-7D49-4A5F-9774-2ACCA47E78F7}.Debug|x64.ActiveCfg = Debug|Any CPU
		{E6C2372E-7D49-4A5F-9774-2ACCA47E78F7}.Debug|x64.Build.0 = Debug|Any CPU
		{E6C2372E-7D49-4A5F-9774-2ACCA47E78F7}.Debug|x86.ActiveCfg = Debug|Any CPU
		{E6C2372E-7D49-4A5F-9774-2ACCA47E78F7}.Debug|x86.Build.0 = Debug|Any CPU
		{E6C2372E-7D49-4A5F-9774-2ACCA47E78F7}.Release|Any CPU.ActiveCfg = Release|Any CPU
		{E6C2372E-7D49-4A5F-9774-2ACCA47E78F7}.Release|Any CPU.Build.0 = Release|Any CPU
		{E6C2372E-7D49-4A5F-9774-2ACCA47E78F7}.Release|x64.ActiveCfg = Release|Any CPU
		{E6C2372E-7D49-4A5F-9774-2ACCA47E78F7}.Release|x64.Build.0 = Release|Any CPU
		{E6C2372E-7D49-4A5F-9774-2ACCA47E78F7}.Release|x86.ActiveCfg = Release|Any CPU
		{E6C2372E-7D49-4A5F-9774-2ACCA47E78F7}.Release|x86.Build.0 = Release|Any CPU
		{3AD4B430-06DF-4288-82A4-3E6BBAF31B80}.Debug|Any CPU.ActiveCfg = Debug|Any CPU
		{3AD4B430-06DF-4288-82A4-3E6BBAF31B80}.Debug|Any CPU.Build.0 = Debug|Any CPU
		{3AD4B430-06DF-4288-82A4-3E6BBAF31B80}.Debug|x64.ActiveCfg = Debug|Any CPU
		{3AD4B430-06DF-4288-82A4-3E6BBAF31B80}.Debug|x64.Build.0 = Debug|Any CPU
		{3AD4B430-06DF-4288-82A4-3E6BBAF31B80}.Debug|x86.ActiveCfg = Debug|Any CPU
		{3AD4B430-06DF-4288-82A4-3E6BBAF31B80}.Debug|x86.Build.0 = Debug|Any CPU
		{3AD4B430-06DF-4288-82A4-3E6BBAF31B80}.Release|Any CPU.ActiveCfg = Release|Any CPU
		{3AD4B430-06DF-4288-82A4-3E6BBAF31B80}.Release|Any CPU.Build.0 = Release|Any CPU
		{3AD4B430-06DF-4288-82A4-3E6BBAF31B80}.Release|x64.ActiveCfg = Release|Any CPU
		{3AD4B430-06DF-4288-82A4-3E6BBAF31B80}.Release|x64.Build.0 = Release|Any CPU
		{3AD4B430-06DF-4288-82A4-3E6BBAF31B80}.Release|x86.ActiveCfg = Release|Any CPU
		{3AD4B430-06DF-4288-82A4-3E6BBAF31B80}.Release|x86.Build.0 = Release|Any CPU
	EndGlobalSection
	GlobalSection(SolutionProperties) = preSolution
		HideSolutionNode = FALSE
	EndGlobalSection
	GlobalSection(NestedProjects) = preSolution
		{28082D28-2180-4134-A62D-F19AADE49030} = {827E0CD3-B72D-47B6-A68D-7590B98EB39B}
		{F6D9013B-9A0A-4FDB-ABE3-3A4B5406687F} = {827E0CD3-B72D-47B6-A68D-7590B98EB39B}
		{E6C2372E-7D49-4A5F-9774-2ACCA47E78F7} = {0AB3BF05-4346-4AA6-1389-037BE0695223}
		{3AD4B430-06DF-4288-82A4-3E6BBAF31B80} = {0AB3BF05-4346-4AA6-1389-037BE0695223}
	EndGlobalSection
EndGlobal
